
Microsoft Visual Studio Solution File, Format Version 12.00
# Visual Studio Version 16
VisualStudioVersion = 16.0.29215.179
MinimumVisualStudioVersion = 10.0.40219.1
Project("{9A19103F-16F7-4668-BE54-9A1E7A4F7556}") = "PotPot", "PotPot.csproj", "{83F6D4A2-036E-469F-ACFB-E99370C129AD}"
EndProject
Global
	GlobalSection(SolutionConfigurationPlatforms) = preSolution
		Debug|Any CPU = Debug|Any CPU
		Release|Any CPU = Release|Any CPU
	EndGlobalSection
	GlobalSection(ProjectConfigurationPlatforms) = postSolution
		{83F6D4A2-036E-469F-ACFB-E99370C129AD}.Debug|Any CPU.ActiveCfg = Debug|Any CPU
		{83F6D4A2-036E-469F-ACFB-E99370C129AD}.Debug|Any CPU.Build.0 = Debug|Any CPU
		{83F6D4A2-036E-469F-ACFB-E99370C129AD}.Release|Any CPU.ActiveCfg = Release|Any CPU
		{83F6D4A2-036E-469F-ACFB-E99370C129AD}.Release|Any CPU.Build.0 = Release|Any CPU
	EndGlobalSection
	GlobalSection(SolutionProperties) = preSolution
		HideSolutionNode = FALSE
	EndGlobalSection
	GlobalSection(ExtensibilityGlobals) = postSolution
		SolutionGuid = {5E1627C8-68A5-4E90-9C89-53A0B78E6BBA}
	EndGlobalSection
EndGlobal
