
Microsoft Visual Studio Solution File, Format Version 12.00
# Visual Studio Version 16
VisualStudioVersion = 16.0.29306.81
MinimumVisualStudioVersion = 10.0.40219.1
Project("{9A19103F-16F7-4668-BE54-9A1E7A4F7556}") = "PotPot", "PotPot.csproj", "{339E89A7-5B22-48BA-8DC1-9D2AE72448FB}"
EndProject
Global
	GlobalSection(SolutionConfigurationPlatforms) = preSolution
		Debug|Any CPU = Debug|Any CPU
		Release|Any CPU = Release|Any CPU
	EndGlobalSection
	GlobalSection(ProjectConfigurationPlatforms) = postSolution
		{339E89A7-5B22-48BA-8DC1-9D2AE72448FB}.Debug|Any CPU.ActiveCfg = Debug|Any CPU
		{339E89A7-5B22-48BA-8DC1-9D2AE72448FB}.Debug|Any CPU.Build.0 = Debug|Any CPU
		{339E89A7-5B22-48BA-8DC1-9D2AE72448FB}.Release|Any CPU.ActiveCfg = Release|Any CPU
		{339E89A7-5B22-48BA-8DC1-9D2AE72448FB}.Release|Any CPU.Build.0 = Release|Any CPU
	EndGlobalSection
	GlobalSection(SolutionProperties) = preSolution
		HideSolutionNode = FALSE
	EndGlobalSection
	GlobalSection(ExtensibilityGlobals) = postSolution
		SolutionGuid = {33BE5683-AB9F-4D8C-9525-B15F84ABDC15}
	EndGlobalSection
EndGlobal
